
Microsoft Visual Studio Solution File, Format Version 12.00
# Visual Studio Version 16
VisualStudioVersion = 16.0.31729.503
MinimumVisualStudioVersion = 10.0.40219.1
Project("{FAE04EC0-301F-11D3-BF4B-00C04F79EFBC}") = "hairetsu", "hairetsu\hairetsu.csproj", "{D8C48319-521D-490B-9FC3-E2D42EFAA311}"
EndProject
Global
	GlobalSection(SolutionConfigurationPlatforms) = preSolution
		Debug|Any CPU = Debug|Any CPU
		Release|Any CPU = Release|Any CPU
	EndGlobalSection
	GlobalSection(ProjectConfigurationPlatforms) = postSolution
		{D8C48319-521D-490B-9FC3-E2D42EFAA311}.Debug|Any CPU.ActiveCfg = Debug|Any CPU
		{D8C48319-521D-490B-9FC3-E2D42EFAA311}.Debug|Any CPU.Build.0 = Debug|Any CPU
		{D8C48319-521D-490B-9FC3-E2D42EFAA311}.Release|Any CPU.ActiveCfg = Release|Any CPU
		{D8C48319-521D-490B-9FC3-E2D42EFAA311}.Release|Any CPU.Build.0 = Release|Any CPU
	EndGlobalSection
	GlobalSection(SolutionProperties) = preSolution
		HideSolutionNode = FALSE
	EndGlobalSection
	GlobalSection(ExtensibilityGlobals) = postSolution
		SolutionGuid = {A8E685B2-7AFE-4149-8DC4-E0348CB4A744}
	EndGlobalSection
EndGlobal
